<Solution>
  <Folder Name="/Souqy-Backend/" />
  <Project Path="Application/Application.csproj" />
  <Project Path="Domain/Domain.csproj" />
  <Project Path="Infrastructure/Infrastructure.csproj" />
  <Project Path="Souqy-Backend/Souqy.csproj" />
  <Project Path="Souqy.Tests/Souqy.Tests.csproj" />
</Solution>
